
Microsoft Visual Studio Solution File, Format Version 12.00
# Visual Studio Version 16
VisualStudioVersion = 16.0.31112.23
MinimumVisualStudioVersion = 10.0.40219.1
Project("{FAE04EC0-301F-11D3-BF4B-00C04F79EFBC}") = "ArraysAndLists", "ArraysAndLists\ArraysAndLists.csproj", "{94B7FCAB-49CA-490D-8C09-82ED1D41BF8F}"
EndProject
Global
	GlobalSection(SolutionConfigurationPlatforms) = preSolution
		Debug|Any CPU = Debug|Any CPU
		Release|Any CPU = Release|Any CPU
	EndGlobalSection
	GlobalSection(ProjectConfigurationPlatforms) = postSolution
		{94B7FCAB-49CA-490D-8C09-82ED1D41BF8F}.Debug|Any CPU.ActiveCfg = Debug|Any CPU
		{94B7FCAB-49CA-490D-8C09-82ED1D41BF8F}.Debug|Any CPU.Build.0 = Debug|Any CPU
		{94B7FCAB-49CA-490D-8C09-82ED1D41BF8F}.Release|Any CPU.ActiveCfg = Release|Any CPU
		{94B7FCAB-49CA-490D-8C09-82ED1D41BF8F}.Release|Any CPU.Build.0 = Release|Any CPU
	EndGlobalSection
	GlobalSection(SolutionProperties) = preSolution
		HideSolutionNode = FALSE
	EndGlobalSection
	GlobalSection(ExtensibilityGlobals) = postSolution
		SolutionGuid = {20B4A6A9-8A6C-408C-BBE4-3E339B782076}
	EndGlobalSection
EndGlobal
