
Microsoft Visual Studio Solution File, Format Version 12.00
# Visual Studio Version 16
VisualStudioVersion = 16.0.31129.286
MinimumVisualStudioVersion = 10.0.40219.1
Project("{FAE04EC0-301F-11D3-BF4B-00C04F79EFBC}") = "Constructor", "Constructor\Constructor.csproj", "{017427A2-1E36-4634-BF21-86F20107E8EA}"
EndProject
Global
	GlobalSection(SolutionConfigurationPlatforms) = preSolution
		Debug|Any CPU = Debug|Any CPU
		Release|Any CPU = Release|Any CPU
	EndGlobalSection
	GlobalSection(ProjectConfigurationPlatforms) = postSolution
		{017427A2-1E36-4634-BF21-86F20107E8EA}.Debug|Any CPU.ActiveCfg = Debug|Any CPU
		{017427A2-1E36-4634-BF21-86F20107E8EA}.Debug|Any CPU.Build.0 = Debug|Any CPU
		{017427A2-1E36-4634-BF21-86F20107E8EA}.Release|Any CPU.ActiveCfg = Release|Any CPU
		{017427A2-1E36-4634-BF21-86F20107E8EA}.Release|Any CPU.Build.0 = Release|Any CPU
	EndGlobalSection
	GlobalSection(SolutionProperties) = preSolution
		HideSolutionNode = FALSE
	EndGlobalSection
	GlobalSection(ExtensibilityGlobals) = postSolution
		SolutionGuid = {C2434DD0-C9EE-414A-BE54-A416B13E1E7C}
	EndGlobalSection
EndGlobal
