
Microsoft Visual Studio Solution File, Format Version 12.00
# Visual Studio Version 16
VisualStudioVersion = 16.0.31112.23
MinimumVisualStudioVersion = 10.0.40219.1
Project("{FAE04EC0-301F-11D3-BF4B-00C04F79EFBC}") = "ConsoleAppLoopAssignment", "ConsoleAppLoopAssignment\ConsoleAppLoopAssignment.csproj", "{DCD824AD-B2CB-443B-840B-F3089373C29D}"
EndProject
Global
	GlobalSection(SolutionConfigurationPlatforms) = preSolution
		Debug|Any CPU = Debug|Any CPU
		Release|Any CPU = Release|Any CPU
	EndGlobalSection
	GlobalSection(ProjectConfigurationPlatforms) = postSolution
		{DCD824AD-B2CB-443B-840B-F3089373C29D}.Debug|Any CPU.ActiveCfg = Debug|Any CPU
		{DCD824AD-B2CB-443B-840B-F3089373C29D}.Debug|Any CPU.Build.0 = Debug|Any CPU
		{DCD824AD-B2CB-443B-840B-F3089373C29D}.Release|Any CPU.ActiveCfg = Release|Any CPU
		{DCD824AD-B2CB-443B-840B-F3089373C29D}.Release|Any CPU.Build.0 = Release|Any CPU
	EndGlobalSection
	GlobalSection(SolutionProperties) = preSolution
		HideSolutionNode = FALSE
	EndGlobalSection
	GlobalSection(ExtensibilityGlobals) = postSolution
		SolutionGuid = {BF2FD7BE-362D-493F-9D19-29DF2068616B}
	EndGlobalSection
EndGlobal
