
Microsoft Visual Studio Solution File, Format Version 12.00
# Visual Studio Version 16
VisualStudioVersion = 16.0.31112.23
MinimumVisualStudioVersion = 10.0.40219.1
Project("{FAE04EC0-301F-11D3-BF4B-00C04F79EFBC}") = "Branching", "Branching\Branching.csproj", "{86CD1DBA-5A2E-4B4F-8213-F8F438CEA607}"
EndProject
Project("{2150E333-8FDC-42A3-9474-1A3956D46DE8}") = "Solution Items", "Solution Items", "{8B4C1872-A900-4D27-97F4-E1DA93706464}"
	ProjectSection(SolutionItems) = preProject
		.editorconfig = .editorconfig
	EndProjectSection
EndProject
Global
	GlobalSection(SolutionConfigurationPlatforms) = preSolution
		Debug|Any CPU = Debug|Any CPU
		Release|Any CPU = Release|Any CPU
	EndGlobalSection
	GlobalSection(ProjectConfigurationPlatforms) = postSolution
		{86CD1DBA-5A2E-4B4F-8213-F8F438CEA607}.Debug|Any CPU.ActiveCfg = Debug|Any CPU
		{86CD1DBA-5A2E-4B4F-8213-F8F438CEA607}.Debug|Any CPU.Build.0 = Debug|Any CPU
		{86CD1DBA-5A2E-4B4F-8213-F8F438CEA607}.Release|Any CPU.ActiveCfg = Release|Any CPU
		{86CD1DBA-5A2E-4B4F-8213-F8F438CEA607}.Release|Any CPU.Build.0 = Release|Any CPU
	EndGlobalSection
	GlobalSection(SolutionProperties) = preSolution
		HideSolutionNode = FALSE
	EndGlobalSection
	GlobalSection(ExtensibilityGlobals) = postSolution
		SolutionGuid = {86DDD3C2-9E9E-4EBD-9EDE-2AF0410FFF55}
	EndGlobalSection
EndGlobal
