
Microsoft Visual Studio Solution File, Format Version 12.00
# Visual Studio Version 16
VisualStudioVersion = 16.0.31112.23
MinimumVisualStudioVersion = 10.0.40219.1
Project("{FAE04EC0-301F-11D3-BF4B-00C04F79EFBC}") = "Polymorphism", "Polymorphism\Polymorphism.csproj", "{0C62D579-0BB3-4748-A266-C0117421711A}"
EndProject
Global
	GlobalSection(SolutionConfigurationPlatforms) = preSolution
		Debug|Any CPU = Debug|Any CPU
		Release|Any CPU = Release|Any CPU
	EndGlobalSection
	GlobalSection(ProjectConfigurationPlatforms) = postSolution
		{0C62D579-0BB3-4748-A266-C0117421711A}.Debug|Any CPU.ActiveCfg = Debug|Any CPU
		{0C62D579-0BB3-4748-A266-C0117421711A}.Debug|Any CPU.Build.0 = Debug|Any CPU
		{0C62D579-0BB3-4748-A266-C0117421711A}.Release|Any CPU.ActiveCfg = Release|Any CPU
		{0C62D579-0BB3-4748-A266-C0117421711A}.Release|Any CPU.Build.0 = Release|Any CPU
	EndGlobalSection
	GlobalSection(SolutionProperties) = preSolution
		HideSolutionNode = FALSE
	EndGlobalSection
	GlobalSection(ExtensibilityGlobals) = postSolution
		SolutionGuid = {9ECF6D67-4328-46B7-A117-BE1E1137C090}
	EndGlobalSection
EndGlobal
