
Microsoft Visual Studio Solution File, Format Version 12.00
# Visual Studio Version 16
VisualStudioVersion = 16.0.31112.23
MinimumVisualStudioVersion = 10.0.40219.1
Project("{FAE04EC0-301F-11D3-BF4B-00C04F79EFBC}") = "BooleanLogic", "BooleanLogic\BooleanLogic.csproj", "{EB57C876-27FA-4088-9AEC-0039E5C8CA11}"
EndProject
Global
	GlobalSection(SolutionConfigurationPlatforms) = preSolution
		Debug|Any CPU = Debug|Any CPU
		Release|Any CPU = Release|Any CPU
	EndGlobalSection
	GlobalSection(ProjectConfigurationPlatforms) = postSolution
		{EB57C876-27FA-4088-9AEC-0039E5C8CA11}.Debug|Any CPU.ActiveCfg = Debug|Any CPU
		{EB57C876-27FA-4088-9AEC-0039E5C8CA11}.Debug|Any CPU.Build.0 = Debug|Any CPU
		{EB57C876-27FA-4088-9AEC-0039E5C8CA11}.Release|Any CPU.ActiveCfg = Release|Any CPU
		{EB57C876-27FA-4088-9AEC-0039E5C8CA11}.Release|Any CPU.Build.0 = Release|Any CPU
	EndGlobalSection
	GlobalSection(SolutionProperties) = preSolution
		HideSolutionNode = FALSE
	EndGlobalSection
	GlobalSection(ExtensibilityGlobals) = postSolution
		SolutionGuid = {F293291D-9525-4772-A57D-97AE6EEF872E}
	EndGlobalSection
EndGlobal
