
Microsoft Visual Studio Solution File, Format Version 12.00
# Visual Studio Version 16
VisualStudioVersion = 16.0.31112.23
MinimumVisualStudioVersion = 10.0.40219.1
Project("{FAE04EC0-301F-11D3-BF4B-00C04F79EFBC}") = "StringFunctions", "StringFunctions\StringFunctions.csproj", "{7F995EAC-61D9-4FE3-82E7-FC99FD64EBE0}"
EndProject
Global
	GlobalSection(SolutionConfigurationPlatforms) = preSolution
		Debug|Any CPU = Debug|Any CPU
		Release|Any CPU = Release|Any CPU
	EndGlobalSection
	GlobalSection(ProjectConfigurationPlatforms) = postSolution
		{7F995EAC-61D9-4FE3-82E7-FC99FD64EBE0}.Debug|Any CPU.ActiveCfg = Debug|Any CPU
		{7F995EAC-61D9-4FE3-82E7-FC99FD64EBE0}.Debug|Any CPU.Build.0 = Debug|Any CPU
		{7F995EAC-61D9-4FE3-82E7-FC99FD64EBE0}.Release|Any CPU.ActiveCfg = Release|Any CPU
		{7F995EAC-61D9-4FE3-82E7-FC99FD64EBE0}.Release|Any CPU.Build.0 = Release|Any CPU
	EndGlobalSection
	GlobalSection(SolutionProperties) = preSolution
		HideSolutionNode = FALSE
	EndGlobalSection
	GlobalSection(ExtensibilityGlobals) = postSolution
		SolutionGuid = {73C045AB-8487-4C6B-BD15-EAB80E84FE49}
	EndGlobalSection
EndGlobal
